
Microsoft Visual Studio Solution File, Format Version 12.00
# Visual Studio Version 17
VisualStudioVersion = 17.0.31903.59
MinimumVisualStudioVersion = 10.0.40219.1
Project("{9A19103F-16F7-4668-BE54-9A1E7A4F7556}") = "ClotheShops", "ClotheShops\ClotheShops.csproj", "{40DF7096-999D-4733-850D-CCB43282D72A}"
EndProject
Project("{9A19103F-16F7-4668-BE54-9A1E7A4F7556}") = "Entity", "Entity\Entity.csproj", "{297C9CFE-B0E2-4083-AD10-0151B4E0A7A7}"
EndProject
Project("{9A19103F-16F7-4668-BE54-9A1E7A4F7556}") = "Logica", "Logica\Logica.csproj", "{00B7B824-B365-472A-8948-66E738636507}"
EndProject
Project("{9A19103F-16F7-4668-BE54-9A1E7A4F7556}") = "Datos", "Datos\Datos.csproj", "{B5D5ED1A-EDE3-411E-9C72-24FA83D2073C}"
EndProject
Project("{9A19103F-16F7-4668-BE54-9A1E7A4F7556}") = "Infraestructura", "Infraestructura\Infraestructura.csproj", "{674D5AFB-6ACC-4391-823F-D97F971BCA18}"
EndProject
Project("{9A19103F-16F7-4668-BE54-9A1E7A4F7556}") = "TestProject1", "TestProject1\TestProject1.csproj", "{DB534474-FC53-4684-A216-F07E4C1B6C87}"
EndProject
Project("{FAE04EC0-301F-11D3-BF4B-00C04F79EFBC}") = "Selenium", "Selenium\Selenium.csproj", "{79032A6E-45C6-43E0-B957-93836F76F35E}"
EndProject
Global
	GlobalSection(SolutionConfigurationPlatforms) = preSolution
		Debug|Any CPU = Debug|Any CPU
		Release|Any CPU = Release|Any CPU
	EndGlobalSection
	GlobalSection(ProjectConfigurationPlatforms) = postSolution
		{40DF7096-999D-4733-850D-CCB43282D72A}.Debug|Any CPU.ActiveCfg = Debug|Any CPU
		{40DF7096-999D-4733-850D-CCB43282D72A}.Debug|Any CPU.Build.0 = Debug|Any CPU
		{40DF7096-999D-4733-850D-CCB43282D72A}.Release|Any CPU.ActiveCfg = Release|Any CPU
		{40DF7096-999D-4733-850D-CCB43282D72A}.Release|Any CPU.Build.0 = Release|Any CPU
		{297C9CFE-B0E2-4083-AD10-0151B4E0A7A7}.Debug|Any CPU.ActiveCfg = Debug|Any CPU
		{297C9CFE-B0E2-4083-AD10-0151B4E0A7A7}.Debug|Any CPU.Build.0 = Debug|Any CPU
		{297C9CFE-B0E2-4083-AD10-0151B4E0A7A7}.Release|Any CPU.ActiveCfg = Release|Any CPU
		{297C9CFE-B0E2-4083-AD10-0151B4E0A7A7}.Release|Any CPU.Build.0 = Release|Any CPU
		{00B7B824-B365-472A-8948-66E738636507}.Debug|Any CPU.ActiveCfg = Debug|Any CPU
		{00B7B824-B365-472A-8948-66E738636507}.Debug|Any CPU.Build.0 = Debug|Any CPU
		{00B7B824-B365-472A-8948-66E738636507}.Release|Any CPU.ActiveCfg = Release|Any CPU
		{00B7B824-B365-472A-8948-66E738636507}.Release|Any CPU.Build.0 = Release|Any CPU
		{B5D5ED1A-EDE3-411E-9C72-24FA83D2073C}.Debug|Any CPU.ActiveCfg = Debug|Any CPU
		{B5D5ED1A-EDE3-411E-9C72-24FA83D2073C}.Debug|Any CPU.Build.0 = Debug|Any CPU
		{B5D5ED1A-EDE3-411E-9C72-24FA83D2073C}.Release|Any CPU.ActiveCfg = Release|Any CPU
		{B5D5ED1A-EDE3-411E-9C72-24FA83D2073C}.Release|Any CPU.Build.0 = Release|Any CPU
		{674D5AFB-6ACC-4391-823F-D97F971BCA18}.Debug|Any CPU.ActiveCfg = Debug|Any CPU
		{674D5AFB-6ACC-4391-823F-D97F971BCA18}.Debug|Any CPU.Build.0 = Debug|Any CPU
		{674D5AFB-6ACC-4391-823F-D97F971BCA18}.Release|Any CPU.ActiveCfg = Release|Any CPU
		{674D5AFB-6ACC-4391-823F-D97F971BCA18}.Release|Any CPU.Build.0 = Release|Any CPU
		{DB534474-FC53-4684-A216-F07E4C1B6C87}.Debug|Any CPU.ActiveCfg = Debug|Any CPU
		{DB534474-FC53-4684-A216-F07E4C1B6C87}.Debug|Any CPU.Build.0 = Debug|Any CPU
		{DB534474-FC53-4684-A216-F07E4C1B6C87}.Release|Any CPU.ActiveCfg = Release|Any CPU
		{DB534474-FC53-4684-A216-F07E4C1B6C87}.Release|Any CPU.Build.0 = Release|Any CPU
		{79032A6E-45C6-43E0-B957-93836F76F35E}.Debug|Any CPU.ActiveCfg = Debug|Any CPU
		{79032A6E-45C6-43E0-B957-93836F76F35E}.Debug|Any CPU.Build.0 = Debug|Any CPU
		{79032A6E-45C6-43E0-B957-93836F76F35E}.Release|Any CPU.ActiveCfg = Release|Any CPU
		{79032A6E-45C6-43E0-B957-93836F76F35E}.Release|Any CPU.Build.0 = Release|Any CPU
	EndGlobalSection
	GlobalSection(SolutionProperties) = preSolution
		HideSolutionNode = FALSE
	EndGlobalSection
	GlobalSection(ExtensibilityGlobals) = postSolution
		SolutionGuid = {D689697D-737F-4BE7-B31A-4248B64C9B7D}
	EndGlobalSection
EndGlobal
